
Microsoft Visual Studio Solution File, Format Version 12.00
# Visual Studio Version 17
VisualStudioVersion = 17.3.32901.215
MinimumVisualStudioVersion = 10.0.40219.1
Project("{FAE04EC0-301F-11D3-BF4B-00C04F79EFBC}") = "assignment11_yevhenii", "assignment11_yevhenii\assignment11_yevhenii.csproj", "{942B2037-1902-4E30-AADC-19B4526A8C3D}"
EndProject
Global
	GlobalSection(SolutionConfigurationPlatforms) = preSolution
		Debug|Any CPU = Debug|Any CPU
		Release|Any CPU = Release|Any CPU
	EndGlobalSection
	GlobalSection(ProjectConfigurationPlatforms) = postSolution
		{942B2037-1902-4E30-AADC-19B4526A8C3D}.Debug|Any CPU.ActiveCfg = Debug|Any CPU
		{942B2037-1902-4E30-AADC-19B4526A8C3D}.Debug|Any CPU.Build.0 = Debug|Any CPU
		{942B2037-1902-4E30-AADC-19B4526A8C3D}.Release|Any CPU.ActiveCfg = Release|Any CPU
		{942B2037-1902-4E30-AADC-19B4526A8C3D}.Release|Any CPU.Build.0 = Release|Any CPU
	EndGlobalSection
	GlobalSection(SolutionProperties) = preSolution
		HideSolutionNode = FALSE
	EndGlobalSection
	GlobalSection(ExtensibilityGlobals) = postSolution
		SolutionGuid = {B6AB90F5-FC0B-49DC-93C4-28465D2BB6EC}
	EndGlobalSection
EndGlobal
